dependencies:
- name: postgresql
  repository: https://charts.bitnami.com/bitnami
  version: 15.5.38
- name: redis
  repository: https://charts.bitnami.com/bitnami
  version: 21.0.2
digest: sha256:576a0bd0e74a4d836c61753d6c16acb8ec2a2cef5af1046c7b25936ee677ac0b
generated: "2025-05-11T21:42:23.429245357+02:00"
